PODS:
  - NVActivityIndicatorView (4.7.0):
    - NVActivityIndicatorView/Presenter (= 4.7.0)
  - NVActivityIndicatorView/Presenter (4.7.0)

DEPENDENCIES:
  - NVActivityIndicatorView

SPEC REPOS:
  https://github.com/cocoapods/specs.git:
    - NVActivityIndicatorView

SPEC CHECKSUMS:
  NVActivityIndicatorView: b19ddab2576f805cbe0fb2306cba3476e09a1dea

PODFILE CHECKSUM: 819c65fc3bbc892320cae676d3ba0eedd0b14533

COCOAPODS: 1.6.1
